
Microsoft Visual Studio Solution File, Format Version 12.00
# Visual Studio Version 17
VisualStudioVersion = 17.7.34024.191
MinimumVisualStudioVersion = 10.0.40219.1
Project("{FAE04EC0-301F-11D3-BF4B-00C04F79EFBC}") = "AdsPowerManager", "AdsPowerManager.csproj", "{CDCF5DFD-637B-45FD-9291-A0030BE5F808}"
EndProject
Global
	GlobalSection(SolutionConfigurationPlatforms) = preSolution
		Debug|Any CPU = Debug|Any CPU
		Release|Any CPU = Release|Any CPU
	EndGlobalSection
	GlobalSection(ProjectConfigurationPlatforms) = postSolution
		{CDCF5DFD-637B-45FD-9291-A0030BE5F808}.Debug|Any CPU.ActiveCfg = Debug|Any CPU
		{CDCF5DFD-637B-45FD-9291-A0030BE5F808}.Debug|Any CPU.Build.0 = Debug|Any CPU
		{CDCF5DFD-637B-45FD-9291-A0030BE5F808}.Release|Any CPU.ActiveCfg = Release|Any CPU
		{CDCF5DFD-637B-45FD-9291-A0030BE5F808}.Release|Any CPU.Build.0 = Release|Any CPU
	EndGlobalSection
	GlobalSection(SolutionProperties) = preSolution
		HideSolutionNode = FALSE
	EndGlobalSection
	GlobalSection(ExtensibilityGlobals) = postSolution
		SolutionGuid = {63ACBE22-D974-438D-85D0-DECCB2B58235}
	EndGlobalSection
EndGlobal
